<?xml version="1.0" encoding="UTF-8"?>
<Project ToolsVersion="12.0" xmlns="http://schemas.microsoft.com/developer/msbuild/2003">
  <ItemGroup>
    <ClCompile Include="C:\hlocal\Proyecto3\ProyectoBasico\Dependencies\Ogre\Components\Overlay\src\OgreBorderPanelOverlayElement.cpp">
      <Filter>Source Files</Filter>
    </ClCompile>
    <ClCompile Include="C:\hlocal\Proyecto3\ProyectoBasico\Dependencies\Ogre\Components\Overlay\src\OgreFont.cpp">
      <Filter>Source Files</Filter>
    </ClCompile>
    <ClCompile Include="C:\hlocal\Proyecto3\ProyectoBasico\Dependencies\Ogre\Components\Overlay\src\OgreFontManager.cpp">
      <Filter>Source Files</Filter>
    </ClCompile>
    <ClCompile Include="C:\hlocal\Proyecto3\ProyectoBasico\Dependencies\Ogre\Components\Overlay\src\OgreOverlay.cpp">
      <Filter>Source Files</Filter>
    </ClCompile>
    <ClCompile Include="C:\hlocal\Proyecto3\ProyectoBasico\Dependencies\Ogre\Components\Overlay\src\OgreOverlayContainer.cpp">
      <Filter>Source Files</Filter>
    </ClCompile>
    <ClCompile Include="C:\hlocal\Proyecto3\ProyectoBasico\Dependencies\Ogre\Components\Overlay\src\OgreOverlayElement.cpp">
      <Filter>Source Files</Filter>
    </ClCompile>
    <ClCompile Include="C:\hlocal\Proyecto3\ProyectoBasico\Dependencies\Ogre\Components\Overlay\src\OgreOverlayElementCommands.cpp">
      <Filter>Source Files</Filter>
    </ClCompile>
    <ClCompile Include="C:\hlocal\Proyecto3\ProyectoBasico\Dependencies\Ogre\Components\Overlay\src\OgreOverlayElementFactory.cpp">
      <Filter>Source Files</Filter>
    </ClCompile>
    <ClCompile Include="C:\hlocal\Proyecto3\ProyectoBasico\Dependencies\Ogre\Components\Overlay\src\OgreOverlayManager.cpp">
      <Filter>Source Files</Filter>
    </ClCompile>
    <ClCompile Include="C:\hlocal\Proyecto3\ProyectoBasico\Dependencies\Ogre\Components\Overlay\src\OgreOverlayProfileSessionListener.cpp">
      <Filter>Source Files</Filter>
    </ClCompile>
    <ClCompile Include="C:\hlocal\Proyecto3\ProyectoBasico\Dependencies\Ogre\Components\Overlay\src\OgreOverlaySystem.cpp">
      <Filter>Source Files</Filter>
    </ClCompile>
    <ClCompile Include="C:\hlocal\Proyecto3\ProyectoBasico\Dependencies\Ogre\Components\Overlay\src\OgrePanelOverlayElement.cpp">
      <Filter>Source Files</Filter>
    </ClCompile>
    <ClCompile Include="C:\hlocal\Proyecto3\ProyectoBasico\Dependencies\Ogre\Components\Overlay\src\OgreTextAreaOverlayElement.cpp">
      <Filter>Source Files</Filter>
    </ClCompile>
  </ItemGroup>
  <ItemGroup>
    <ClInclude Include="C:\hlocal\Proyecto3\ProyectoBasico\Dependencies\Ogre\Components\Overlay\include\OgreBorderPanelOverlayElement.h">
      <Filter>Header Files</Filter>
    </ClInclude>
    <ClInclude Include="C:\hlocal\Proyecto3\ProyectoBasico\Dependencies\Ogre\Components\Overlay\include\OgreFont.h">
      <Filter>Header Files</Filter>
    </ClInclude>
    <ClInclude Include="C:\hlocal\Proyecto3\ProyectoBasico\Dependencies\Ogre\Components\Overlay\include\OgreFontManager.h">
      <Filter>Header Files</Filter>
    </ClInclude>
    <ClInclude Include="C:\hlocal\Proyecto3\ProyectoBasico\Dependencies\Ogre\Components\Overlay\include\OgreOverlay.h">
      <Filter>Header Files</Filter>
    </ClInclude>
    <ClInclude Include="C:\hlocal\Proyecto3\ProyectoBasico\Dependencies\Ogre\Components\Overlay\include\OgreOverlayContainer.h">
      <Filter>Header Files</Filter>
    </ClInclude>
    <ClInclude Include="C:\hlocal\Proyecto3\ProyectoBasico\Dependencies\Ogre\Components\Overlay\include\OgreOverlayElement.h">
      <Filter>Header Files</Filter>
    </ClInclude>
    <ClInclude Include="C:\hlocal\Proyecto3\ProyectoBasico\Dependencies\Ogre\Components\Overlay\include\OgreOverlayElementCommands.h">
      <Filter>Header Files</Filter>
    </ClInclude>
    <ClInclude Include="C:\hlocal\Proyecto3\ProyectoBasico\Dependencies\Ogre\Components\Overlay\include\OgreOverlayElementFactory.h">
      <Filter>Header Files</Filter>
    </ClInclude>
    <ClInclude Include="C:\hlocal\Proyecto3\ProyectoBasico\Dependencies\Ogre\Components\Overlay\include\OgreOverlayManager.h">
      <Filter>Header Files</Filter>
    </ClInclude>
    <ClInclude Include="C:\hlocal\Proyecto3\ProyectoBasico\Dependencies\Ogre\Components\Overlay\include\OgreOverlayProfileSessionListener.h">
      <Filter>Header Files</Filter>
    </ClInclude>
    <ClInclude Include="C:\hlocal\Proyecto3\ProyectoBasico\Dependencies\Ogre\Components\Overlay\include\OgreOverlaySystem.h">
      <Filter>Header Files</Filter>
    </ClInclude>
    <ClInclude Include="C:\hlocal\Proyecto3\ProyectoBasico\Dependencies\Ogre\Components\Overlay\include\OgrePanelOverlayElement.h">
      <Filter>Header Files</Filter>
    </ClInclude>
    <ClInclude Include="C:\hlocal\Proyecto3\ProyectoBasico\Dependencies\Ogre\Components\Overlay\include\OgreTextAreaOverlayElement.h">
      <Filter>Header Files</Filter>
    </ClInclude>
    <ClInclude Include="C:\hlocal\Proyecto3\ProyectoBasico\Dependencies\Ogre\Build\include\OgreOverlayPrerequisites.h">
      <Filter>Header Files</Filter>
    </ClInclude>
  </ItemGroup>
  <ItemGroup>
    <Filter Include="Source Files">
      <UniqueIdentifier>{62DB8C70-8C8F-3858-BECA-2B79779247BB}</UniqueIdentifier>
    </Filter>
    <Filter Include="Header Files">
      <UniqueIdentifier>{885ACB3B-2264-3FF8-B237-2A6B01DADE72}</UniqueIdentifier>
    </Filter>
  </ItemGroup>
</Project>
