Microsoft Visual Studio Solution File, Format Version 12.00
# Visual Studio 2013
Project("{2150E333-8FDC-42A3-9474-1A3956D46DE8}") = "CMakePredefinedTargets", "CMakePredefinedTargets", "{436E78BA-362B-339A-9666-C60BAD163EE2}"
EndProject
Project("{2150E333-8FDC-42A3-9474-1A3956D46DE8}") = "Components", "Components", "{3D536373-2701-3BCE-9CC9-698CD0C0DC42}"
EndProject
Project("{2150E333-8FDC-42A3-9474-1A3956D46DE8}") = "Plugins", "Plugins", "{5E4D5169-B8E0-3BC4-8E72-9209A551D408}"
EndProject
Project("{2150E333-8FDC-42A3-9474-1A3956D46DE8}") = "RenderSystems", "RenderSystems", "{3CC40818-4827-3786-B50E-D9EF7CB24401}"
EndProject
Project("{2150E333-8FDC-42A3-9474-1A3956D46DE8}") = "Tools", "Tools", "{13F52897-124E-36C4-80D1-EC556F908243}"
EndProject
Project("{8BC9CEB8-8B4A-11D0-8D11-00A0C91BC942}") = "ALL_BUILD", "ALL_BUILD.vcxproj", "{6CC7E6D7-CDBB-3916-8AAE-870DC280CABC}"
	ProjectSection(ProjectDependencies) = postProject
		{88AEE9E1-3F80-3C20-8D12-67A5220347B6} = {88AEE9E1-3F80-3C20-8D12-67A5220347B6}
		{923C34D9-5D7A-33D1-A77A-7A7A35279907} = {923C34D9-5D7A-33D1-A77A-7A7A35279907}
		{A5521328-E80C-3CB5-AE5D-F951398227B6} = {A5521328-E80C-3CB5-AE5D-F951398227B6}
		{DE407FA0-1417-387A-9EC1-DC156A2C4CB7} = {DE407FA0-1417-387A-9EC1-DC156A2C4CB7}
		{2CE7EA0F-578C-3950-A633-DE5DB1119947} = {2CE7EA0F-578C-3950-A633-DE5DB1119947}
		{9B491277-333C-3FF8-B216-429AD63E90DE} = {9B491277-333C-3FF8-B216-429AD63E90DE}
		{1F13E096-51FC-3082-B0FB-A27820D3BD1E} = {1F13E096-51FC-3082-B0FB-A27820D3BD1E}
		{3EFDC168-DACF-3B33-9757-D2035C171124} = {3EFDC168-DACF-3B33-9757-D2035C171124}
		{C2598736-4DA0-3B43-A9E3-9C9984A09962} = {C2598736-4DA0-3B43-A9E3-9C9984A09962}
		{7B5A4FFC-8F3A-3F64-809E-3D300E337734} = {7B5A4FFC-8F3A-3F64-809E-3D300E337734}
		{D8B97937-93CC-300A-93C2-760F758787AC} = {D8B97937-93CC-300A-93C2-760F758787AC}
		{54124896-BD4A-33DD-8EB2-A2DB23C4BF86} = {54124896-BD4A-33DD-8EB2-A2DB23C4BF86}
		{4552DDC8-ABD8-3598-89FC-491AFAE51228} = {4552DDC8-ABD8-3598-89FC-491AFAE51228}
		{DB5FD019-77E1-3AA8-805E-0694BE70AFD2} = {DB5FD019-77E1-3AA8-805E-0694BE70AFD2}
		{9F92E27F-6B4E-3A4B-B1FD-392779642520} = {9F92E27F-6B4E-3A4B-B1FD-392779642520}
		{AB2B9D5C-98C9-3F08-81E9-B3F06098FA82} = {AB2B9D5C-98C9-3F08-81E9-B3F06098FA82}
		{C6E62A63-AEA5-35A3-9605-80DFCB483D47} = {C6E62A63-AEA5-35A3-9605-80DFCB483D47}
		{2827922D-64DF-3615-809C-333D2C19D893} = {2827922D-64DF-3615-809C-333D2C19D893}
		{2D119760-A4C0-34D4-B31C-70CA9870729C} = {2D119760-A4C0-34D4-B31C-70CA9870729C}
		{A14584CA-5E49-3C47-9CDE-FA76DA2169EF} = {A14584CA-5E49-3C47-9CDE-FA76DA2169EF}
	EndProjectSection
EndProject
Project("{8BC9CEB8-8B4A-11D0-8D11-00A0C91BC942}") = "INSTALL", "INSTALL.vcxproj", "{4790DDE5-83CD-3B83-AD32-04FBD8AE8E21}"
	ProjectSection(ProjectDependencies) = postProject
		{6CC7E6D7-CDBB-3916-8AAE-870DC280CABC} = {6CC7E6D7-CDBB-3916-8AAE-870DC280CABC}
	EndProjectSection
EndProject
Project("{8BC9CEB8-8B4A-11D0-8D11-00A0C91BC942}") = "OgreBites", "Components\Bites\OgreBites.vcxproj", "{88AEE9E1-3F80-3C20-8D12-67A5220347B6}"
	ProjectSection(ProjectDependencies) = postProject
		{DE407FA0-1417-387A-9EC1-DC156A2C4CB7} = {DE407FA0-1417-387A-9EC1-DC156A2C4CB7}
		{1F13E096-51FC-3082-B0FB-A27820D3BD1E} = {1F13E096-51FC-3082-B0FB-A27820D3BD1E}
		{7B5A4FFC-8F3A-3F64-809E-3D300E337734} = {7B5A4FFC-8F3A-3F64-809E-3D300E337734}
	EndProjectSection
EndProject
Project("{8BC9CEB8-8B4A-11D0-8D11-00A0C91BC942}") = "OgreGLSupport", "RenderSystems\GLSupport\OgreGLSupport.vcxproj", "{923C34D9-5D7A-33D1-A77A-7A7A35279907}"
	ProjectSection(ProjectDependencies) = postProject
		{DE407FA0-1417-387A-9EC1-DC156A2C4CB7} = {DE407FA0-1417-387A-9EC1-DC156A2C4CB7}
	EndProjectSection
EndProject
Project("{8BC9CEB8-8B4A-11D0-8D11-00A0C91BC942}") = "OgreHLMS", "Components\HLMS\OgreHLMS.vcxproj", "{A5521328-E80C-3CB5-AE5D-F951398227B6}"
	ProjectSection(ProjectDependencies) = postProject
		{DE407FA0-1417-387A-9EC1-DC156A2C4CB7} = {DE407FA0-1417-387A-9EC1-DC156A2C4CB7}
	EndProjectSection
EndProject
Project("{8BC9CEB8-8B4A-11D0-8D11-00A0C91BC942}") = "OgreMain", "OgreMain\OgreMain.vcxproj", "{DE407FA0-1417-387A-9EC1-DC156A2C4CB7}"
	ProjectSection(ProjectDependencies) = postProject
	EndProjectSection
EndProject
Project("{8BC9CEB8-8B4A-11D0-8D11-00A0C91BC942}") = "OgreMeshLodGenerator", "Components\MeshLodGenerator\OgreMeshLodGenerator.vcxproj", "{2CE7EA0F-578C-3950-A633-DE5DB1119947}"
	ProjectSection(ProjectDependencies) = postProject
		{DE407FA0-1417-387A-9EC1-DC156A2C4CB7} = {DE407FA0-1417-387A-9EC1-DC156A2C4CB7}
	EndProjectSection
EndProject
Project("{8BC9CEB8-8B4A-11D0-8D11-00A0C91BC942}") = "OgreMeshUpgrader", "Tools\MeshUpgrader\OgreMeshUpgrader.vcxproj", "{9B491277-333C-3FF8-B216-429AD63E90DE}"
	ProjectSection(ProjectDependencies) = postProject
		{DE407FA0-1417-387A-9EC1-DC156A2C4CB7} = {DE407FA0-1417-387A-9EC1-DC156A2C4CB7}
		{2CE7EA0F-578C-3950-A633-DE5DB1119947} = {2CE7EA0F-578C-3950-A633-DE5DB1119947}
	EndProjectSection
EndProject
Project("{8BC9CEB8-8B4A-11D0-8D11-00A0C91BC942}") = "OgreOverlay", "Components\Overlay\OgreOverlay.vcxproj", "{1F13E096-51FC-3082-B0FB-A27820D3BD1E}"
	ProjectSection(ProjectDependencies) = postProject
		{DE407FA0-1417-387A-9EC1-DC156A2C4CB7} = {DE407FA0-1417-387A-9EC1-DC156A2C4CB7}
	EndProjectSection
EndProject
Project("{8BC9CEB8-8B4A-11D0-8D11-00A0C91BC942}") = "OgrePaging", "Components\Paging\OgrePaging.vcxproj", "{3EFDC168-DACF-3B33-9757-D2035C171124}"
	ProjectSection(ProjectDependencies) = postProject
		{DE407FA0-1417-387A-9EC1-DC156A2C4CB7} = {DE407FA0-1417-387A-9EC1-DC156A2C4CB7}
	EndProjectSection
EndProject
Project("{8BC9CEB8-8B4A-11D0-8D11-00A0C91BC942}") = "OgreProperty", "Components\Property\OgreProperty.vcxproj", "{C2598736-4DA0-3B43-A9E3-9C9984A09962}"
	ProjectSection(ProjectDependencies) = postProject
		{DE407FA0-1417-387A-9EC1-DC156A2C4CB7} = {DE407FA0-1417-387A-9EC1-DC156A2C4CB7}
	EndProjectSection
EndProject
Project("{8BC9CEB8-8B4A-11D0-8D11-00A0C91BC942}") = "OgreRTShaderSystem", "Components\RTShaderSystem\OgreRTShaderSystem.vcxproj", "{7B5A4FFC-8F3A-3F64-809E-3D300E337734}"
	ProjectSection(ProjectDependencies) = postProject
		{DE407FA0-1417-387A-9EC1-DC156A2C4CB7} = {DE407FA0-1417-387A-9EC1-DC156A2C4CB7}
	EndProjectSection
EndProject
Project("{8BC9CEB8-8B4A-11D0-8D11-00A0C91BC942}") = "OgreTerrain", "Components\Terrain\OgreTerrain.vcxproj", "{D8B97937-93CC-300A-93C2-760F758787AC}"
	ProjectSection(ProjectDependencies) = postProject
		{DE407FA0-1417-387A-9EC1-DC156A2C4CB7} = {DE407FA0-1417-387A-9EC1-DC156A2C4CB7}
		{3EFDC168-DACF-3B33-9757-D2035C171124} = {3EFDC168-DACF-3B33-9757-D2035C171124}
	EndProjectSection
EndProject
Project("{8BC9CEB8-8B4A-11D0-8D11-00A0C91BC942}") = "OgreVolume", "Components\Volume\OgreVolume.vcxproj", "{54124896-BD4A-33DD-8EB2-A2DB23C4BF86}"
	ProjectSection(ProjectDependencies) = postProject
		{DE407FA0-1417-387A-9EC1-DC156A2C4CB7} = {DE407FA0-1417-387A-9EC1-DC156A2C4CB7}
	EndProjectSection
EndProject
Project("{8BC9CEB8-8B4A-11D0-8D11-00A0C91BC942}") = "OgreXMLConverter", "Tools\XMLConverter\OgreXMLConverter.vcxproj", "{4552DDC8-ABD8-3598-89FC-491AFAE51228}"
	ProjectSection(ProjectDependencies) = postProject
		{DE407FA0-1417-387A-9EC1-DC156A2C4CB7} = {DE407FA0-1417-387A-9EC1-DC156A2C4CB7}
		{2CE7EA0F-578C-3950-A633-DE5DB1119947} = {2CE7EA0F-578C-3950-A633-DE5DB1119947}
	EndProjectSection
EndProject
Project("{8BC9CEB8-8B4A-11D0-8D11-00A0C91BC942}") = "PACKAGE", "PACKAGE.vcxproj", "{80EA19EA-361D-386D-A11D-0BEA005B5A2E}"
	ProjectSection(ProjectDependencies) = postProject
		{6CC7E6D7-CDBB-3916-8AAE-870DC280CABC} = {6CC7E6D7-CDBB-3916-8AAE-870DC280CABC}
	EndProjectSection
EndProject
Project("{8BC9CEB8-8B4A-11D0-8D11-00A0C91BC942}") = "Plugin_BSPSceneManager", "PlugIns\BSPSceneManager\Plugin_BSPSceneManager.vcxproj", "{DB5FD019-77E1-3AA8-805E-0694BE70AFD2}"
	ProjectSection(ProjectDependencies) = postProject
		{DE407FA0-1417-387A-9EC1-DC156A2C4CB7} = {DE407FA0-1417-387A-9EC1-DC156A2C4CB7}
	EndProjectSection
EndProject
Project("{8BC9CEB8-8B4A-11D0-8D11-00A0C91BC942}") = "Plugin_OctreeSceneManager", "PlugIns\OctreeSceneManager\Plugin_OctreeSceneManager.vcxproj", "{9F92E27F-6B4E-3A4B-B1FD-392779642520}"
	ProjectSection(ProjectDependencies) = postProject
		{DE407FA0-1417-387A-9EC1-DC156A2C4CB7} = {DE407FA0-1417-387A-9EC1-DC156A2C4CB7}
	EndProjectSection
EndProject
Project("{8BC9CEB8-8B4A-11D0-8D11-00A0C91BC942}") = "Plugin_OctreeZone", "PlugIns\OctreeZone\Plugin_OctreeZone.vcxproj", "{AB2B9D5C-98C9-3F08-81E9-B3F06098FA82}"
	ProjectSection(ProjectDependencies) = postProject
		{DE407FA0-1417-387A-9EC1-DC156A2C4CB7} = {DE407FA0-1417-387A-9EC1-DC156A2C4CB7}
		{C6E62A63-AEA5-35A3-9605-80DFCB483D47} = {C6E62A63-AEA5-35A3-9605-80DFCB483D47}
	EndProjectSection
EndProject
Project("{8BC9CEB8-8B4A-11D0-8D11-00A0C91BC942}") = "Plugin_PCZSceneManager", "PlugIns\PCZSceneManager\Plugin_PCZSceneManager.vcxproj", "{C6E62A63-AEA5-35A3-9605-80DFCB483D47}"
	ProjectSection(ProjectDependencies) = postProject
		{DE407FA0-1417-387A-9EC1-DC156A2C4CB7} = {DE407FA0-1417-387A-9EC1-DC156A2C4CB7}
	EndProjectSection
EndProject
Project("{8BC9CEB8-8B4A-11D0-8D11-00A0C91BC942}") = "Plugin_ParticleFX", "PlugIns\ParticleFX\Plugin_ParticleFX.vcxproj", "{2827922D-64DF-3615-809C-333D2C19D893}"
	ProjectSection(ProjectDependencies) = postProject
		{DE407FA0-1417-387A-9EC1-DC156A2C4CB7} = {DE407FA0-1417-387A-9EC1-DC156A2C4CB7}
	EndProjectSection
EndProject
Project("{8BC9CEB8-8B4A-11D0-8D11-00A0C91BC942}") = "RenderSystem_GL3Plus", "RenderSystems\GL3Plus\RenderSystem_GL3Plus.vcxproj", "{2D119760-A4C0-34D4-B31C-70CA9870729C}"
	ProjectSection(ProjectDependencies) = postProject
		{923C34D9-5D7A-33D1-A77A-7A7A35279907} = {923C34D9-5D7A-33D1-A77A-7A7A35279907}
		{DE407FA0-1417-387A-9EC1-DC156A2C4CB7} = {DE407FA0-1417-387A-9EC1-DC156A2C4CB7}
	EndProjectSection
EndProject
Project("{8BC9CEB8-8B4A-11D0-8D11-00A0C91BC942}") = "VRMLConverter", "Tools\VRMLConverter\VRMLConverter.vcxproj", "{A14584CA-5E49-3C47-9CDE-FA76DA2169EF}"
	ProjectSection(ProjectDependencies) = postProject
		{DE407FA0-1417-387A-9EC1-DC156A2C4CB7} = {DE407FA0-1417-387A-9EC1-DC156A2C4CB7}
	EndProjectSection
EndProject
Global
	GlobalSection(SolutionConfigurationPlatforms) = preSolution
		Debug|Win32 = Debug|Win32
		Release|Win32 = Release|Win32
		MinSizeRel|Win32 = MinSizeRel|Win32
		RelWithDebInfo|Win32 = RelWithDebInfo|Win32
	EndGlobalSection
	GlobalSection(ProjectConfigurationPlatforms) = postSolution
		{6CC7E6D7-CDBB-3916-8AAE-870DC280CABC}.Debug|Win32.ActiveCfg = Debug|Win32
		{6CC7E6D7-CDBB-3916-8AAE-870DC280CABC}.Debug|Win32.Build.0 = Debug|Win32
		{6CC7E6D7-CDBB-3916-8AAE-870DC280CABC}.Release|Win32.ActiveCfg = Release|Win32
		{6CC7E6D7-CDBB-3916-8AAE-870DC280CABC}.Release|Win32.Build.0 = Release|Win32
		{6CC7E6D7-CDBB-3916-8AAE-870DC280CABC}.MinSizeRel|Win32.ActiveCfg = MinSizeRel|Win32
		{6CC7E6D7-CDBB-3916-8AAE-870DC280CABC}.MinSizeRel|Win32.Build.0 = MinSizeRel|Win32
		{6CC7E6D7-CDBB-3916-8AAE-870DC280CABC}.RelWithDebInfo|Win32.ActiveCfg = RelWithDebInfo|Win32
		{6CC7E6D7-CDBB-3916-8AAE-870DC280CABC}.RelWithDebInfo|Win32.Build.0 = RelWithDebInfo|Win32
		{4790DDE5-83CD-3B83-AD32-04FBD8AE8E21}.Debug|Win32.ActiveCfg = Debug|Win32
		{4790DDE5-83CD-3B83-AD32-04FBD8AE8E21}.Release|Win32.ActiveCfg = Release|Win32
		{4790DDE5-83CD-3B83-AD32-04FBD8AE8E21}.MinSizeRel|Win32.ActiveCfg = MinSizeRel|Win32
		{4790DDE5-83CD-3B83-AD32-04FBD8AE8E21}.RelWithDebInfo|Win32.ActiveCfg = RelWithDebInfo|Win32
		{88AEE9E1-3F80-3C20-8D12-67A5220347B6}.Debug|Win32.ActiveCfg = Debug|Win32
		{88AEE9E1-3F80-3C20-8D12-67A5220347B6}.Debug|Win32.Build.0 = Debug|Win32
		{88AEE9E1-3F80-3C20-8D12-67A5220347B6}.Release|Win32.ActiveCfg = Release|Win32
		{88AEE9E1-3F80-3C20-8D12-67A5220347B6}.Release|Win32.Build.0 = Release|Win32
		{88AEE9E1-3F80-3C20-8D12-67A5220347B6}.MinSizeRel|Win32.ActiveCfg = MinSizeRel|Win32
		{88AEE9E1-3F80-3C20-8D12-67A5220347B6}.MinSizeRel|Win32.Build.0 = MinSizeRel|Win32
		{88AEE9E1-3F80-3C20-8D12-67A5220347B6}.RelWithDebInfo|Win32.ActiveCfg = RelWithDebInfo|Win32
		{88AEE9E1-3F80-3C20-8D12-67A5220347B6}.RelWithDebInfo|Win32.Build.0 = RelWithDebInfo|Win32
		{923C34D9-5D7A-33D1-A77A-7A7A35279907}.Debug|Win32.ActiveCfg = Debug|Win32
		{923C34D9-5D7A-33D1-A77A-7A7A35279907}.Debug|Win32.Build.0 = Debug|Win32
		{923C34D9-5D7A-33D1-A77A-7A7A35279907}.Release|Win32.ActiveCfg = Release|Win32
		{923C34D9-5D7A-33D1-A77A-7A7A35279907}.Release|Win32.Build.0 = Release|Win32
		{923C34D9-5D7A-33D1-A77A-7A7A35279907}.MinSizeRel|Win32.ActiveCfg = MinSizeRel|Win32
		{923C34D9-5D7A-33D1-A77A-7A7A35279907}.MinSizeRel|Win32.Build.0 = MinSizeRel|Win32
		{923C34D9-5D7A-33D1-A77A-7A7A35279907}.RelWithDebInfo|Win32.ActiveCfg = RelWithDebInfo|Win32
		{923C34D9-5D7A-33D1-A77A-7A7A35279907}.RelWithDebInfo|Win32.Build.0 = RelWithDebInfo|Win32
		{A5521328-E80C-3CB5-AE5D-F951398227B6}.Debug|Win32.ActiveCfg = Debug|Win32
		{A5521328-E80C-3CB5-AE5D-F951398227B6}.Debug|Win32.Build.0 = Debug|Win32
		{A5521328-E80C-3CB5-AE5D-F951398227B6}.Release|Win32.ActiveCfg = Release|Win32
		{A5521328-E80C-3CB5-AE5D-F951398227B6}.Release|Win32.Build.0 = Release|Win32
		{A5521328-E80C-3CB5-AE5D-F951398227B6}.MinSizeRel|Win32.ActiveCfg = MinSizeRel|Win32
		{A5521328-E80C-3CB5-AE5D-F951398227B6}.MinSizeRel|Win32.Build.0 = MinSizeRel|Win32
		{A5521328-E80C-3CB5-AE5D-F951398227B6}.RelWithDebInfo|Win32.ActiveCfg = RelWithDebInfo|Win32
		{A5521328-E80C-3CB5-AE5D-F951398227B6}.RelWithDebInfo|Win32.Build.0 = RelWithDebInfo|Win32
		{DE407FA0-1417-387A-9EC1-DC156A2C4CB7}.Debug|Win32.ActiveCfg = Debug|Win32
		{DE407FA0-1417-387A-9EC1-DC156A2C4CB7}.Debug|Win32.Build.0 = Debug|Win32
		{DE407FA0-1417-387A-9EC1-DC156A2C4CB7}.Release|Win32.ActiveCfg = Release|Win32
		{DE407FA0-1417-387A-9EC1-DC156A2C4CB7}.Release|Win32.Build.0 = Release|Win32
		{DE407FA0-1417-387A-9EC1-DC156A2C4CB7}.MinSizeRel|Win32.ActiveCfg = MinSizeRel|Win32
		{DE407FA0-1417-387A-9EC1-DC156A2C4CB7}.MinSizeRel|Win32.Build.0 = MinSizeRel|Win32
		{DE407FA0-1417-387A-9EC1-DC156A2C4CB7}.RelWithDebInfo|Win32.ActiveCfg = RelWithDebInfo|Win32
		{DE407FA0-1417-387A-9EC1-DC156A2C4CB7}.RelWithDebInfo|Win32.Build.0 = RelWithDebInfo|Win32
		{2CE7EA0F-578C-3950-A633-DE5DB1119947}.Debug|Win32.ActiveCfg = Debug|Win32
		{2CE7EA0F-578C-3950-A633-DE5DB1119947}.Debug|Win32.Build.0 = Debug|Win32
		{2CE7EA0F-578C-3950-A633-DE5DB1119947}.Release|Win32.ActiveCfg = Release|Win32
		{2CE7EA0F-578C-3950-A633-DE5DB1119947}.Release|Win32.Build.0 = Release|Win32
		{2CE7EA0F-578C-3950-A633-DE5DB1119947}.MinSizeRel|Win32.ActiveCfg = MinSizeRel|Win32
		{2CE7EA0F-578C-3950-A633-DE5DB1119947}.MinSizeRel|Win32.Build.0 = MinSizeRel|Win32
		{2CE7EA0F-578C-3950-A633-DE5DB1119947}.RelWithDebInfo|Win32.ActiveCfg = RelWithDebInfo|Win32
		{2CE7EA0F-578C-3950-A633-DE5DB1119947}.RelWithDebInfo|Win32.Build.0 = RelWithDebInfo|Win32
		{9B491277-333C-3FF8-B216-429AD63E90DE}.Debug|Win32.ActiveCfg = Debug|Win32
		{9B491277-333C-3FF8-B216-429AD63E90DE}.Debug|Win32.Build.0 = Debug|Win32
		{9B491277-333C-3FF8-B216-429AD63E90DE}.Release|Win32.ActiveCfg = Release|Win32
		{9B491277-333C-3FF8-B216-429AD63E90DE}.Release|Win32.Build.0 = Release|Win32
		{9B491277-333C-3FF8-B216-429AD63E90DE}.MinSizeRel|Win32.ActiveCfg = MinSizeRel|Win32
		{9B491277-333C-3FF8-B216-429AD63E90DE}.MinSizeRel|Win32.Build.0 = MinSizeRel|Win32
		{9B491277-333C-3FF8-B216-429AD63E90DE}.RelWithDebInfo|Win32.ActiveCfg = RelWithDebInfo|Win32
		{9B491277-333C-3FF8-B216-429AD63E90DE}.RelWithDebInfo|Win32.Build.0 = RelWithDebInfo|Win32
		{1F13E096-51FC-3082-B0FB-A27820D3BD1E}.Debug|Win32.ActiveCfg = Debug|Win32
		{1F13E096-51FC-3082-B0FB-A27820D3BD1E}.Debug|Win32.Build.0 = Debug|Win32
		{1F13E096-51FC-3082-B0FB-A27820D3BD1E}.Release|Win32.ActiveCfg = Release|Win32
		{1F13E096-51FC-3082-B0FB-A27820D3BD1E}.Release|Win32.Build.0 = Release|Win32
		{1F13E096-51FC-3082-B0FB-A27820D3BD1E}.MinSizeRel|Win32.ActiveCfg = MinSizeRel|Win32
		{1F13E096-51FC-3082-B0FB-A27820D3BD1E}.MinSizeRel|Win32.Build.0 = MinSizeRel|Win32
		{1F13E096-51FC-3082-B0FB-A27820D3BD1E}.RelWithDebInfo|Win32.ActiveCfg = RelWithDebInfo|Win32
		{1F13E096-51FC-3082-B0FB-A27820D3BD1E}.RelWithDebInfo|Win32.Build.0 = RelWithDebInfo|Win32
		{3EFDC168-DACF-3B33-9757-D2035C171124}.Debug|Win32.ActiveCfg = Debug|Win32
		{3EFDC168-DACF-3B33-9757-D2035C171124}.Debug|Win32.Build.0 = Debug|Win32
		{3EFDC168-DACF-3B33-9757-D2035C171124}.Release|Win32.ActiveCfg = Release|Win32
		{3EFDC168-DACF-3B33-9757-D2035C171124}.Release|Win32.Build.0 = Release|Win32
		{3EFDC168-DACF-3B33-9757-D2035C171124}.MinSizeRel|Win32.ActiveCfg = MinSizeRel|Win32
		{3EFDC168-DACF-3B33-9757-D2035C171124}.MinSizeRel|Win32.Build.0 = MinSizeRel|Win32
		{3EFDC168-DACF-3B33-9757-D2035C171124}.RelWithDebInfo|Win32.ActiveCfg = RelWithDebInfo|Win32
		{3EFDC168-DACF-3B33-9757-D2035C171124}.RelWithDebInfo|Win32.Build.0 = RelWithDebInfo|Win32
		{C2598736-4DA0-3B43-A9E3-9C9984A09962}.Debug|Win32.ActiveCfg = Debug|Win32
		{C2598736-4DA0-3B43-A9E3-9C9984A09962}.Debug|Win32.Build.0 = Debug|Win32
		{C2598736-4DA0-3B43-A9E3-9C9984A09962}.Release|Win32.ActiveCfg = Release|Win32
		{C2598736-4DA0-3B43-A9E3-9C9984A09962}.Release|Win32.Build.0 = Release|Win32
		{C2598736-4DA0-3B43-A9E3-9C9984A09962}.MinSizeRel|Win32.ActiveCfg = MinSizeRel|Win32
		{C2598736-4DA0-3B43-A9E3-9C9984A09962}.MinSizeRel|Win32.Build.0 = MinSizeRel|Win32
		{C2598736-4DA0-3B43-A9E3-9C9984A09962}.RelWithDebInfo|Win32.ActiveCfg = RelWithDebInfo|Win32
		{C2598736-4DA0-3B43-A9E3-9C9984A09962}.RelWithDebInfo|Win32.Build.0 = RelWithDebInfo|Win32
		{7B5A4FFC-8F3A-3F64-809E-3D300E337734}.Debug|Win32.ActiveCfg = Debug|Win32
		{7B5A4FFC-8F3A-3F64-809E-3D300E337734}.Debug|Win32.Build.0 = Debug|Win32
		{7B5A4FFC-8F3A-3F64-809E-3D300E337734}.Release|Win32.ActiveCfg = Release|Win32
		{7B5A4FFC-8F3A-3F64-809E-3D300E337734}.Release|Win32.Build.0 = Release|Win32
		{7B5A4FFC-8F3A-3F64-809E-3D300E337734}.MinSizeRel|Win32.ActiveCfg = MinSizeRel|Win32
		{7B5A4FFC-8F3A-3F64-809E-3D300E337734}.MinSizeRel|Win32.Build.0 = MinSizeRel|Win32
		{7B5A4FFC-8F3A-3F64-809E-3D300E337734}.RelWithDebInfo|Win32.ActiveCfg = RelWithDebInfo|Win32
		{7B5A4FFC-8F3A-3F64-809E-3D300E337734}.RelWithDebInfo|Win32.Build.0 = RelWithDebInfo|Win32
		{D8B97937-93CC-300A-93C2-760F758787AC}.Debug|Win32.ActiveCfg = Debug|Win32
		{D8B97937-93CC-300A-93C2-760F758787AC}.Debug|Win32.Build.0 = Debug|Win32
		{D8B97937-93CC-300A-93C2-760F758787AC}.Release|Win32.ActiveCfg = Release|Win32
		{D8B97937-93CC-300A-93C2-760F758787AC}.Release|Win32.Build.0 = Release|Win32
		{D8B97937-93CC-300A-93C2-760F758787AC}.MinSizeRel|Win32.ActiveCfg = MinSizeRel|Win32
		{D8B97937-93CC-300A-93C2-760F758787AC}.MinSizeRel|Win32.Build.0 = MinSizeRel|Win32
		{D8B97937-93CC-300A-93C2-760F758787AC}.RelWithDebInfo|Win32.ActiveCfg = RelWithDebInfo|Win32
		{D8B97937-93CC-300A-93C2-760F758787AC}.RelWithDebInfo|Win32.Build.0 = RelWithDebInfo|Win32
		{54124896-BD4A-33DD-8EB2-A2DB23C4BF86}.Debug|Win32.ActiveCfg = Debug|Win32
		{54124896-BD4A-33DD-8EB2-A2DB23C4BF86}.Debug|Win32.Build.0 = Debug|Win32
		{54124896-BD4A-33DD-8EB2-A2DB23C4BF86}.Release|Win32.ActiveCfg = Release|Win32
		{54124896-BD4A-33DD-8EB2-A2DB23C4BF86}.Release|Win32.Build.0 = Release|Win32
		{54124896-BD4A-33DD-8EB2-A2DB23C4BF86}.MinSizeRel|Win32.ActiveCfg = MinSizeRel|Win32
		{54124896-BD4A-33DD-8EB2-A2DB23C4BF86}.MinSizeRel|Win32.Build.0 = MinSizeRel|Win32
		{54124896-BD4A-33DD-8EB2-A2DB23C4BF86}.RelWithDebInfo|Win32.ActiveCfg = RelWithDebInfo|Win32
		{54124896-BD4A-33DD-8EB2-A2DB23C4BF86}.RelWithDebInfo|Win32.Build.0 = RelWithDebInfo|Win32
		{4552DDC8-ABD8-3598-89FC-491AFAE51228}.Debug|Win32.ActiveCfg = Debug|Win32
		{4552DDC8-ABD8-3598-89FC-491AFAE51228}.Debug|Win32.Build.0 = Debug|Win32
		{4552DDC8-ABD8-3598-89FC-491AFAE51228}.Release|Win32.ActiveCfg = Release|Win32
		{4552DDC8-ABD8-3598-89FC-491AFAE51228}.Release|Win32.Build.0 = Release|Win32
		{4552DDC8-ABD8-3598-89FC-491AFAE51228}.MinSizeRel|Win32.ActiveCfg = MinSizeRel|Win32
		{4552DDC8-ABD8-3598-89FC-491AFAE51228}.MinSizeRel|Win32.Build.0 = MinSizeRel|Win32
		{4552DDC8-ABD8-3598-89FC-491AFAE51228}.RelWithDebInfo|Win32.ActiveCfg = RelWithDebInfo|Win32
		{4552DDC8-ABD8-3598-89FC-491AFAE51228}.RelWithDebInfo|Win32.Build.0 = RelWithDebInfo|Win32
		{80EA19EA-361D-386D-A11D-0BEA005B5A2E}.Debug|Win32.ActiveCfg = Debug|Win32
		{80EA19EA-361D-386D-A11D-0BEA005B5A2E}.Release|Win32.ActiveCfg = Release|Win32
		{80EA19EA-361D-386D-A11D-0BEA005B5A2E}.MinSizeRel|Win32.ActiveCfg = MinSizeRel|Win32
		{80EA19EA-361D-386D-A11D-0BEA005B5A2E}.RelWithDebInfo|Win32.ActiveCfg = RelWithDebInfo|Win32
		{DB5FD019-77E1-3AA8-805E-0694BE70AFD2}.Debug|Win32.ActiveCfg = Debug|Win32
		{DB5FD019-77E1-3AA8-805E-0694BE70AFD2}.Debug|Win32.Build.0 = Debug|Win32
		{DB5FD019-77E1-3AA8-805E-0694BE70AFD2}.Release|Win32.ActiveCfg = Release|Win32
		{DB5FD019-77E1-3AA8-805E-0694BE70AFD2}.Release|Win32.Build.0 = Release|Win32
		{DB5FD019-77E1-3AA8-805E-0694BE70AFD2}.MinSizeRel|Win32.ActiveCfg = MinSizeRel|Win32
		{DB5FD019-77E1-3AA8-805E-0694BE70AFD2}.MinSizeRel|Win32.Build.0 = MinSizeRel|Win32
		{DB5FD019-77E1-3AA8-805E-0694BE70AFD2}.RelWithDebInfo|Win32.ActiveCfg = RelWithDebInfo|Win32
		{DB5FD019-77E1-3AA8-805E-0694BE70AFD2}.RelWithDebInfo|Win32.Build.0 = RelWithDebInfo|Win32
		{9F92E27F-6B4E-3A4B-B1FD-392779642520}.Debug|Win32.ActiveCfg = Debug|Win32
		{9F92E27F-6B4E-3A4B-B1FD-392779642520}.Debug|Win32.Build.0 = Debug|Win32
		{9F92E27F-6B4E-3A4B-B1FD-392779642520}.Release|Win32.ActiveCfg = Release|Win32
		{9F92E27F-6B4E-3A4B-B1FD-392779642520}.Release|Win32.Build.0 = Release|Win32
		{9F92E27F-6B4E-3A4B-B1FD-392779642520}.MinSizeRel|Win32.ActiveCfg = MinSizeRel|Win32
		{9F92E27F-6B4E-3A4B-B1FD-392779642520}.MinSizeRel|Win32.Build.0 = MinSizeRel|Win32
		{9F92E27F-6B4E-3A4B-B1FD-392779642520}.RelWithDebInfo|Win32.ActiveCfg = RelWithDebInfo|Win32
		{9F92E27F-6B4E-3A4B-B1FD-392779642520}.RelWithDebInfo|Win32.Build.0 = RelWithDebInfo|Win32
		{AB2B9D5C-98C9-3F08-81E9-B3F06098FA82}.Debug|Win32.ActiveCfg = Debug|Win32
		{AB2B9D5C-98C9-3F08-81E9-B3F06098FA82}.Debug|Win32.Build.0 = Debug|Win32
		{AB2B9D5C-98C9-3F08-81E9-B3F06098FA82}.Release|Win32.ActiveCfg = Release|Win32
		{AB2B9D5C-98C9-3F08-81E9-B3F06098FA82}.Release|Win32.Build.0 = Release|Win32
		{AB2B9D5C-98C9-3F08-81E9-B3F06098FA82}.MinSizeRel|Win32.ActiveCfg = MinSizeRel|Win32
		{AB2B9D5C-98C9-3F08-81E9-B3F06098FA82}.MinSizeRel|Win32.Build.0 = MinSizeRel|Win32
		{AB2B9D5C-98C9-3F08-81E9-B3F06098FA82}.RelWithDebInfo|Win32.ActiveCfg = RelWithDebInfo|Win32
		{AB2B9D5C-98C9-3F08-81E9-B3F06098FA82}.RelWithDebInfo|Win32.Build.0 = RelWithDebInfo|Win32
		{C6E62A63-AEA5-35A3-9605-80DFCB483D47}.Debug|Win32.ActiveCfg = Debug|Win32
		{C6E62A63-AEA5-35A3-9605-80DFCB483D47}.Debug|Win32.Build.0 = Debug|Win32
		{C6E62A63-AEA5-35A3-9605-80DFCB483D47}.Release|Win32.ActiveCfg = Release|Win32
		{C6E62A63-AEA5-35A3-9605-80DFCB483D47}.Release|Win32.Build.0 = Release|Win32
		{C6E62A63-AEA5-35A3-9605-80DFCB483D47}.MinSizeRel|Win32.ActiveCfg = MinSizeRel|Win32
		{C6E62A63-AEA5-35A3-9605-80DFCB483D47}.MinSizeRel|Win32.Build.0 = MinSizeRel|Win32
		{C6E62A63-AEA5-35A3-9605-80DFCB483D47}.RelWithDebInfo|Win32.ActiveCfg = RelWithDebInfo|Win32
		{C6E62A63-AEA5-35A3-9605-80DFCB483D47}.RelWithDebInfo|Win32.Build.0 = RelWithDebInfo|Win32
		{2827922D-64DF-3615-809C-333D2C19D893}.Debug|Win32.ActiveCfg = Debug|Win32
		{2827922D-64DF-3615-809C-333D2C19D893}.Debug|Win32.Build.0 = Debug|Win32
		{2827922D-64DF-3615-809C-333D2C19D893}.Release|Win32.ActiveCfg = Release|Win32
		{2827922D-64DF-3615-809C-333D2C19D893}.Release|Win32.Build.0 = Release|Win32
		{2827922D-64DF-3615-809C-333D2C19D893}.MinSizeRel|Win32.ActiveCfg = MinSizeRel|Win32
		{2827922D-64DF-3615-809C-333D2C19D893}.MinSizeRel|Win32.Build.0 = MinSizeRel|Win32
		{2827922D-64DF-3615-809C-333D2C19D893}.RelWithDebInfo|Win32.ActiveCfg = RelWithDebInfo|Win32
		{2827922D-64DF-3615-809C-333D2C19D893}.RelWithDebInfo|Win32.Build.0 = RelWithDebInfo|Win32
		{2D119760-A4C0-34D4-B31C-70CA9870729C}.Debug|Win32.ActiveCfg = Debug|Win32
		{2D119760-A4C0-34D4-B31C-70CA9870729C}.Debug|Win32.Build.0 = Debug|Win32
		{2D119760-A4C0-34D4-B31C-70CA9870729C}.Release|Win32.ActiveCfg = Release|Win32
		{2D119760-A4C0-34D4-B31C-70CA9870729C}.Release|Win32.Build.0 = Release|Win32
		{2D119760-A4C0-34D4-B31C-70CA9870729C}.MinSizeRel|Win32.ActiveCfg = MinSizeRel|Win32
		{2D119760-A4C0-34D4-B31C-70CA9870729C}.MinSizeRel|Win32.Build.0 = MinSizeRel|Win32
		{2D119760-A4C0-34D4-B31C-70CA9870729C}.RelWithDebInfo|Win32.ActiveCfg = RelWithDebInfo|Win32
		{2D119760-A4C0-34D4-B31C-70CA9870729C}.RelWithDebInfo|Win32.Build.0 = RelWithDebInfo|Win32
		{A14584CA-5E49-3C47-9CDE-FA76DA2169EF}.Debug|Win32.ActiveCfg = Debug|Win32
		{A14584CA-5E49-3C47-9CDE-FA76DA2169EF}.Debug|Win32.Build.0 = Debug|Win32
		{A14584CA-5E49-3C47-9CDE-FA76DA2169EF}.Release|Win32.ActiveCfg = Release|Win32
		{A14584CA-5E49-3C47-9CDE-FA76DA2169EF}.Release|Win32.Build.0 = Release|Win32
		{A14584CA-5E49-3C47-9CDE-FA76DA2169EF}.MinSizeRel|Win32.ActiveCfg = MinSizeRel|Win32
		{A14584CA-5E49-3C47-9CDE-FA76DA2169EF}.MinSizeRel|Win32.Build.0 = MinSizeRel|Win32
		{A14584CA-5E49-3C47-9CDE-FA76DA2169EF}.RelWithDebInfo|Win32.ActiveCfg = RelWithDebInfo|Win32
		{A14584CA-5E49-3C47-9CDE-FA76DA2169EF}.RelWithDebInfo|Win32.Build.0 = RelWithDebInfo|Win32
	EndGlobalSection
	GlobalSection(NestedProjects) = preSolution
		{6CC7E6D7-CDBB-3916-8AAE-870DC280CABC} = {436E78BA-362B-339A-9666-C60BAD163EE2}
		{4790DDE5-83CD-3B83-AD32-04FBD8AE8E21} = {436E78BA-362B-339A-9666-C60BAD163EE2}
		{80EA19EA-361D-386D-A11D-0BEA005B5A2E} = {436E78BA-362B-339A-9666-C60BAD163EE2}
		{88AEE9E1-3F80-3C20-8D12-67A5220347B6} = {3D536373-2701-3BCE-9CC9-698CD0C0DC42}
		{A5521328-E80C-3CB5-AE5D-F951398227B6} = {3D536373-2701-3BCE-9CC9-698CD0C0DC42}
		{2CE7EA0F-578C-3950-A633-DE5DB1119947} = {3D536373-2701-3BCE-9CC9-698CD0C0DC42}
		{1F13E096-51FC-3082-B0FB-A27820D3BD1E} = {3D536373-2701-3BCE-9CC9-698CD0C0DC42}
		{3EFDC168-DACF-3B33-9757-D2035C171124} = {3D536373-2701-3BCE-9CC9-698CD0C0DC42}
		{C2598736-4DA0-3B43-A9E3-9C9984A09962} = {3D536373-2701-3BCE-9CC9-698CD0C0DC42}
		{7B5A4FFC-8F3A-3F64-809E-3D300E337734} = {3D536373-2701-3BCE-9CC9-698CD0C0DC42}
		{D8B97937-93CC-300A-93C2-760F758787AC} = {3D536373-2701-3BCE-9CC9-698CD0C0DC42}
		{54124896-BD4A-33DD-8EB2-A2DB23C4BF86} = {3D536373-2701-3BCE-9CC9-698CD0C0DC42}
		{DB5FD019-77E1-3AA8-805E-0694BE70AFD2} = {5E4D5169-B8E0-3BC4-8E72-9209A551D408}
		{9F92E27F-6B4E-3A4B-B1FD-392779642520} = {5E4D5169-B8E0-3BC4-8E72-9209A551D408}
		{AB2B9D5C-98C9-3F08-81E9-B3F06098FA82} = {5E4D5169-B8E0-3BC4-8E72-9209A551D408}
		{C6E62A63-AEA5-35A3-9605-80DFCB483D47} = {5E4D5169-B8E0-3BC4-8E72-9209A551D408}
		{2827922D-64DF-3615-809C-333D2C19D893} = {5E4D5169-B8E0-3BC4-8E72-9209A551D408}
		{923C34D9-5D7A-33D1-A77A-7A7A35279907} = {3CC40818-4827-3786-B50E-D9EF7CB24401}
		{2D119760-A4C0-34D4-B31C-70CA9870729C} = {3CC40818-4827-3786-B50E-D9EF7CB24401}
		{9B491277-333C-3FF8-B216-429AD63E90DE} = {13F52897-124E-36C4-80D1-EC556F908243}
		{4552DDC8-ABD8-3598-89FC-491AFAE51228} = {13F52897-124E-36C4-80D1-EC556F908243}
		{A14584CA-5E49-3C47-9CDE-FA76DA2169EF} = {13F52897-124E-36C4-80D1-EC556F908243}
	EndGlobalSection
	GlobalSection(ExtensibilityGlobals) = postSolution
		SolutionGuid = {D7F02931-1817-33B1-A1ED-F1AE0C35B0AA}
	EndGlobalSection
	GlobalSection(ExtensibilityAddIns) = postSolution
	EndGlobalSection
EndGlobal
