<?xml version="1.0" encoding="UTF-8"?>
<Project ToolsVersion="12.0" xmlns="http://schemas.microsoft.com/developer/msbuild/2003">
  <ItemGroup>
    <ClCompile Include="C:\hlocal\Proyecto3\ProyectoBasico\Dependencies\Ogre\Build\SDL2-2.0.5\src\main\windows\SDL_windows_main.c">
      <Filter>Source Files</Filter>
    </ClCompile>
  </ItemGroup>
  <ItemGroup>
    <CustomBuild Include="C:\hlocal\Proyecto3\ProyectoBasico\Dependencies\Ogre\Build\SDL2-2.0.5\CMakeLists.txt" />
  </ItemGroup>
  <ItemGroup>
    <Filter Include="Source Files">
      <UniqueIdentifier>{79FFA0D1-20F8-3452-BA72-2A6CE61914CE}</UniqueIdentifier>
    </Filter>
  </ItemGroup>
</Project>
