<?xml version="1.0" encoding="UTF-8"?>
<Project ToolsVersion="12.0" xmlns="http://schemas.microsoft.com/developer/msbuild/2003">
  <ItemGroup>
    <CustomBuild Include="C:\hlocal\Proyecto3\ProyectoBasico\Dependencies\Ogre\Build\ZZIPlib-master\CMakeFiles\2d7915151ba95cd62ed0a7ef96fa5506\generate.stamp.rule">
      <Filter>CMake Rules</Filter>
    </CustomBuild>
  </ItemGroup>
  <ItemGroup>
    <Filter Include="CMake Rules">
      <UniqueIdentifier>{D54C93A8-626F-30C7-9853-E3C969F9EB62}</UniqueIdentifier>
    </Filter>
  </ItemGroup>
</Project>
