<?xml version="1.0" encoding="UTF-8"?>
<Project ToolsVersion="12.0" xmlns="http://schemas.microsoft.com/developer/msbuild/2003">
  <ItemGroup>
    <ClCompile Include="C:\hlocal\Proyecto3\ProyectoBasico\Dependencies\Ogre\PlugIns\OctreeSceneManager\src\OgreOctree.cpp">
      <Filter>Source Files</Filter>
    </ClCompile>
    <ClCompile Include="C:\hlocal\Proyecto3\ProyectoBasico\Dependencies\Ogre\PlugIns\OctreeSceneManager\src\OgreOctreeCamera.cpp">
      <Filter>Source Files</Filter>
    </ClCompile>
    <ClCompile Include="C:\hlocal\Proyecto3\ProyectoBasico\Dependencies\Ogre\PlugIns\OctreeSceneManager\src\OgreOctreeNode.cpp">
      <Filter>Source Files</Filter>
    </ClCompile>
    <ClCompile Include="C:\hlocal\Proyecto3\ProyectoBasico\Dependencies\Ogre\PlugIns\OctreeSceneManager\src\OgreOctreePlugin.cpp">
      <Filter>Source Files</Filter>
    </ClCompile>
    <ClCompile Include="C:\hlocal\Proyecto3\ProyectoBasico\Dependencies\Ogre\PlugIns\OctreeSceneManager\src\OgreOctreeSceneManager.cpp">
      <Filter>Source Files</Filter>
    </ClCompile>
    <ClCompile Include="C:\hlocal\Proyecto3\ProyectoBasico\Dependencies\Ogre\PlugIns\OctreeSceneManager\src\OgreOctreeSceneManagerDll.cpp">
      <Filter>Source Files</Filter>
    </ClCompile>
    <ClCompile Include="C:\hlocal\Proyecto3\ProyectoBasico\Dependencies\Ogre\PlugIns\OctreeSceneManager\src\OgreOctreeSceneQuery.cpp">
      <Filter>Source Files</Filter>
    </ClCompile>
  </ItemGroup>
  <ItemGroup>
    <ClInclude Include="C:\hlocal\Proyecto3\ProyectoBasico\Dependencies\Ogre\PlugIns\OctreeSceneManager\include\OgreOctree.h">
      <Filter>Header Files</Filter>
    </ClInclude>
    <ClInclude Include="C:\hlocal\Proyecto3\ProyectoBasico\Dependencies\Ogre\PlugIns\OctreeSceneManager\include\OgreOctreeCamera.h">
      <Filter>Header Files</Filter>
    </ClInclude>
    <ClInclude Include="C:\hlocal\Proyecto3\ProyectoBasico\Dependencies\Ogre\PlugIns\OctreeSceneManager\include\OgreOctreeNode.h">
      <Filter>Header Files</Filter>
    </ClInclude>
    <ClInclude Include="C:\hlocal\Proyecto3\ProyectoBasico\Dependencies\Ogre\PlugIns\OctreeSceneManager\include\OgreOctreePlugin.h">
      <Filter>Header Files</Filter>
    </ClInclude>
    <ClInclude Include="C:\hlocal\Proyecto3\ProyectoBasico\Dependencies\Ogre\PlugIns\OctreeSceneManager\include\OgreOctreeSceneManager.h">
      <Filter>Header Files</Filter>
    </ClInclude>
    <ClInclude Include="C:\hlocal\Proyecto3\ProyectoBasico\Dependencies\Ogre\PlugIns\OctreeSceneManager\include\OgreOctreeSceneQuery.h">
      <Filter>Header Files</Filter>
    </ClInclude>
    <ClInclude Include="C:\hlocal\Proyecto3\ProyectoBasico\Dependencies\Ogre\Build\include\OgreOctreePrerequisites.h">
      <Filter>Header Files</Filter>
    </ClInclude>
  </ItemGroup>
  <ItemGroup>
    <Filter Include="Source Files">
      <UniqueIdentifier>{62DB8C70-8C8F-3858-BECA-2B79779247BB}</UniqueIdentifier>
    </Filter>
    <Filter Include="Header Files">
      <UniqueIdentifier>{885ACB3B-2264-3FF8-B237-2A6B01DADE72}</UniqueIdentifier>
    </Filter>
  </ItemGroup>
</Project>
