<?xml version="1.0" encoding="UTF-8"?>
<Project ToolsVersion="12.0" xmlns="http://schemas.microsoft.com/developer/msbuild/2003">
  <ItemGroup>
    <CustomBuild Include="C:\hlocal\Proyecto3\ProyectoBasico\Dependencies\Ogre\Build\zlib-1.2.11\CMakeFiles\17a19771a06ab7ee354c7dafa80c317f\RUN_TESTS_force.rule">
      <Filter>CMake Rules</Filter>
    </CustomBuild>
  </ItemGroup>
  <ItemGroup>
    <Filter Include="CMake Rules">
      <UniqueIdentifier>{C1F2AEAB-8E3B-3256-A8C4-631D71AB8415}</UniqueIdentifier>
    </Filter>
  </ItemGroup>
</Project>
