Microsoft Visual Studio Solution File, Format Version 12.00
# Visual Studio 2013
Project("{8BC9CEB8-8B4A-11D0-8D11-00A0C91BC942}") = "ALL_BUILD", "ALL_BUILD.vcxproj", "{E5DBC974-0FF3-3BEC-BAB8-EE0D76ED0FD2}"
	ProjectSection(ProjectDependencies) = postProject
		{A48F6CE7-FDD2-3920-A25D-4DB14D31045D} = {A48F6CE7-FDD2-3920-A25D-4DB14D31045D}
		{22087CD7-4548-36AE-8B91-D7ED070CAF51} = {22087CD7-4548-36AE-8B91-D7ED070CAF51}
		{13F3F206-A036-38DC-9AB4-5DC7AB66BE4C} = {13F3F206-A036-38DC-9AB4-5DC7AB66BE4C}
		{EC2237A3-51BF-356F-9517-ED09D49833D8} = {EC2237A3-51BF-356F-9517-ED09D49833D8}
		{F3C039EB-AA49-3383-970F-4D5B684D3778} = {F3C039EB-AA49-3383-970F-4D5B684D3778}
	EndProjectSection
EndProject
Project("{8BC9CEB8-8B4A-11D0-8D11-00A0C91BC942}") = "INSTALL", "INSTALL.vcxproj", "{AFE1E588-831A-3125-B387-43952F1147EA}"
	ProjectSection(ProjectDependencies) = postProject
		{E5DBC974-0FF3-3BEC-BAB8-EE0D76ED0FD2} = {E5DBC974-0FF3-3BEC-BAB8-EE0D76ED0FD2}
		{A48F6CE7-FDD2-3920-A25D-4DB14D31045D} = {A48F6CE7-FDD2-3920-A25D-4DB14D31045D}
	EndProjectSection
EndProject
Project("{8BC9CEB8-8B4A-11D0-8D11-00A0C91BC942}") = "RUN_TESTS", "RUN_TESTS.vcxproj", "{3DF8EBEE-35FF-3BE1-BFBF-17ED75550318}"
	ProjectSection(ProjectDependencies) = postProject
		{A48F6CE7-FDD2-3920-A25D-4DB14D31045D} = {A48F6CE7-FDD2-3920-A25D-4DB14D31045D}
	EndProjectSection
EndProject
Project("{8BC9CEB8-8B4A-11D0-8D11-00A0C91BC942}") = "ZERO_CHECK", "ZERO_CHECK.vcxproj", "{A48F6CE7-FDD2-3920-A25D-4DB14D31045D}"
	ProjectSection(ProjectDependencies) = postProject
	EndProjectSection
EndProject
Project("{8BC9CEB8-8B4A-11D0-8D11-00A0C91BC942}") = "example", "example.vcxproj", "{22087CD7-4548-36AE-8B91-D7ED070CAF51}"
	ProjectSection(ProjectDependencies) = postProject
		{A48F6CE7-FDD2-3920-A25D-4DB14D31045D} = {A48F6CE7-FDD2-3920-A25D-4DB14D31045D}
		{EC2237A3-51BF-356F-9517-ED09D49833D8} = {EC2237A3-51BF-356F-9517-ED09D49833D8}
	EndProjectSection
EndProject
Project("{8BC9CEB8-8B4A-11D0-8D11-00A0C91BC942}") = "minigzip", "minigzip.vcxproj", "{13F3F206-A036-38DC-9AB4-5DC7AB66BE4C}"
	ProjectSection(ProjectDependencies) = postProject
		{A48F6CE7-FDD2-3920-A25D-4DB14D31045D} = {A48F6CE7-FDD2-3920-A25D-4DB14D31045D}
		{EC2237A3-51BF-356F-9517-ED09D49833D8} = {EC2237A3-51BF-356F-9517-ED09D49833D8}
	EndProjectSection
EndProject
Project("{8BC9CEB8-8B4A-11D0-8D11-00A0C91BC942}") = "zlib", "zlib.vcxproj", "{EC2237A3-51BF-356F-9517-ED09D49833D8}"
	ProjectSection(ProjectDependencies) = postProject
		{A48F6CE7-FDD2-3920-A25D-4DB14D31045D} = {A48F6CE7-FDD2-3920-A25D-4DB14D31045D}
	EndProjectSection
EndProject
Project("{8BC9CEB8-8B4A-11D0-8D11-00A0C91BC942}") = "zlibstatic", "zlibstatic.vcxproj", "{F3C039EB-AA49-3383-970F-4D5B684D3778}"
	ProjectSection(ProjectDependencies) = postProject
		{A48F6CE7-FDD2-3920-A25D-4DB14D31045D} = {A48F6CE7-FDD2-3920-A25D-4DB14D31045D}
	EndProjectSection
EndProject
Global
	GlobalSection(SolutionConfigurationPlatforms) = preSolution
		Debug|Win32 = Debug|Win32
		Release|Win32 = Release|Win32
		MinSizeRel|Win32 = MinSizeRel|Win32
		RelWithDebInfo|Win32 = RelWithDebInfo|Win32
	EndGlobalSection
	GlobalSection(ProjectConfigurationPlatforms) = postSolution
		{E5DBC974-0FF3-3BEC-BAB8-EE0D76ED0FD2}.Debug|Win32.ActiveCfg = Debug|Win32
		{E5DBC974-0FF3-3BEC-BAB8-EE0D76ED0FD2}.Debug|Win32.Build.0 = Debug|Win32
		{E5DBC974-0FF3-3BEC-BAB8-EE0D76ED0FD2}.Release|Win32.ActiveCfg = Release|Win32
		{E5DBC974-0FF3-3BEC-BAB8-EE0D76ED0FD2}.Release|Win32.Build.0 = Release|Win32
		{E5DBC974-0FF3-3BEC-BAB8-EE0D76ED0FD2}.MinSizeRel|Win32.ActiveCfg = MinSizeRel|Win32
		{E5DBC974-0FF3-3BEC-BAB8-EE0D76ED0FD2}.MinSizeRel|Win32.Build.0 = MinSizeRel|Win32
		{E5DBC974-0FF3-3BEC-BAB8-EE0D76ED0FD2}.RelWithDebInfo|Win32.ActiveCfg = RelWithDebInfo|Win32
		{E5DBC974-0FF3-3BEC-BAB8-EE0D76ED0FD2}.RelWithDebInfo|Win32.Build.0 = RelWithDebInfo|Win32
		{AFE1E588-831A-3125-B387-43952F1147EA}.Debug|Win32.ActiveCfg = Debug|Win32
		{AFE1E588-831A-3125-B387-43952F1147EA}.Release|Win32.ActiveCfg = Release|Win32
		{AFE1E588-831A-3125-B387-43952F1147EA}.MinSizeRel|Win32.ActiveCfg = MinSizeRel|Win32
		{AFE1E588-831A-3125-B387-43952F1147EA}.RelWithDebInfo|Win32.ActiveCfg = RelWithDebInfo|Win32
		{3DF8EBEE-35FF-3BE1-BFBF-17ED75550318}.Debug|Win32.ActiveCfg = Debug|Win32
		{3DF8EBEE-35FF-3BE1-BFBF-17ED75550318}.Release|Win32.ActiveCfg = Release|Win32
		{3DF8EBEE-35FF-3BE1-BFBF-17ED75550318}.MinSizeRel|Win32.ActiveCfg = MinSizeRel|Win32
		{3DF8EBEE-35FF-3BE1-BFBF-17ED75550318}.RelWithDebInfo|Win32.ActiveCfg = RelWithDebInfo|Win32
		{A48F6CE7-FDD2-3920-A25D-4DB14D31045D}.Debug|Win32.ActiveCfg = Debug|Win32
		{A48F6CE7-FDD2-3920-A25D-4DB14D31045D}.Debug|Win32.Build.0 = Debug|Win32
		{A48F6CE7-FDD2-3920-A25D-4DB14D31045D}.Release|Win32.ActiveCfg = Release|Win32
		{A48F6CE7-FDD2-3920-A25D-4DB14D31045D}.Release|Win32.Build.0 = Release|Win32
		{A48F6CE7-FDD2-3920-A25D-4DB14D31045D}.MinSizeRel|Win32.ActiveCfg = MinSizeRel|Win32
		{A48F6CE7-FDD2-3920-A25D-4DB14D31045D}.MinSizeRel|Win32.Build.0 = MinSizeRel|Win32
		{A48F6CE7-FDD2-3920-A25D-4DB14D31045D}.RelWithDebInfo|Win32.ActiveCfg = RelWithDebInfo|Win32
		{A48F6CE7-FDD2-3920-A25D-4DB14D31045D}.RelWithDebInfo|Win32.Build.0 = RelWithDebInfo|Win32
		{22087CD7-4548-36AE-8B91-D7ED070CAF51}.Debug|Win32.ActiveCfg = Debug|Win32
		{22087CD7-4548-36AE-8B91-D7ED070CAF51}.Debug|Win32.Build.0 = Debug|Win32
		{22087CD7-4548-36AE-8B91-D7ED070CAF51}.Release|Win32.ActiveCfg = Release|Win32
		{22087CD7-4548-36AE-8B91-D7ED070CAF51}.Release|Win32.Build.0 = Release|Win32
		{22087CD7-4548-36AE-8B91-D7ED070CAF51}.MinSizeRel|Win32.ActiveCfg = MinSizeRel|Win32
		{22087CD7-4548-36AE-8B91-D7ED070CAF51}.MinSizeRel|Win32.Build.0 = MinSizeRel|Win32
		{22087CD7-4548-36AE-8B91-D7ED070CAF51}.RelWithDebInfo|Win32.ActiveCfg = RelWithDebInfo|Win32
		{22087CD7-4548-36AE-8B91-D7ED070CAF51}.RelWithDebInfo|Win32.Build.0 = RelWithDebInfo|Win32
		{13F3F206-A036-38DC-9AB4-5DC7AB66BE4C}.Debug|Win32.ActiveCfg = Debug|Win32
		{13F3F206-A036-38DC-9AB4-5DC7AB66BE4C}.Debug|Win32.Build.0 = Debug|Win32
		{13F3F206-A036-38DC-9AB4-5DC7AB66BE4C}.Release|Win32.ActiveCfg = Release|Win32
		{13F3F206-A036-38DC-9AB4-5DC7AB66BE4C}.Release|Win32.Build.0 = Release|Win32
		{13F3F206-A036-38DC-9AB4-5DC7AB66BE4C}.MinSizeRel|Win32.ActiveCfg = MinSizeRel|Win32
		{13F3F206-A036-38DC-9AB4-5DC7AB66BE4C}.MinSizeRel|Win32.Build.0 = MinSizeRel|Win32
		{13F3F206-A036-38DC-9AB4-5DC7AB66BE4C}.RelWithDebInfo|Win32.ActiveCfg = RelWithDebInfo|Win32
		{13F3F206-A036-38DC-9AB4-5DC7AB66BE4C}.RelWithDebInfo|Win32.Build.0 = RelWithDebInfo|Win32
		{EC2237A3-51BF-356F-9517-ED09D49833D8}.Debug|Win32.ActiveCfg = Debug|Win32
		{EC2237A3-51BF-356F-9517-ED09D49833D8}.Debug|Win32.Build.0 = Debug|Win32
		{EC2237A3-51BF-356F-9517-ED09D49833D8}.Release|Win32.ActiveCfg = Release|Win32
		{EC2237A3-51BF-356F-9517-ED09D49833D8}.Release|Win32.Build.0 = Release|Win32
		{EC2237A3-51BF-356F-9517-ED09D49833D8}.MinSizeRel|Win32.ActiveCfg = MinSizeRel|Win32
		{EC2237A3-51BF-356F-9517-ED09D49833D8}.MinSizeRel|Win32.Build.0 = MinSizeRel|Win32
		{EC2237A3-51BF-356F-9517-ED09D49833D8}.RelWithDebInfo|Win32.ActiveCfg = RelWithDebInfo|Win32
		{EC2237A3-51BF-356F-9517-ED09D49833D8}.RelWithDebInfo|Win32.Build.0 = RelWithDebInfo|Win32
		{F3C039EB-AA49-3383-970F-4D5B684D3778}.Debug|Win32.ActiveCfg = Debug|Win32
		{F3C039EB-AA49-3383-970F-4D5B684D3778}.Debug|Win32.Build.0 = Debug|Win32
		{F3C039EB-AA49-3383-970F-4D5B684D3778}.Release|Win32.ActiveCfg = Release|Win32
		{F3C039EB-AA49-3383-970F-4D5B684D3778}.Release|Win32.Build.0 = Release|Win32
		{F3C039EB-AA49-3383-970F-4D5B684D3778}.MinSizeRel|Win32.ActiveCfg = MinSizeRel|Win32
		{F3C039EB-AA49-3383-970F-4D5B684D3778}.MinSizeRel|Win32.Build.0 = MinSizeRel|Win32
		{F3C039EB-AA49-3383-970F-4D5B684D3778}.RelWithDebInfo|Win32.ActiveCfg = RelWithDebInfo|Win32
		{F3C039EB-AA49-3383-970F-4D5B684D3778}.RelWithDebInfo|Win32.Build.0 = RelWithDebInfo|Win32
	EndGlobalSection
	GlobalSection(ExtensibilityGlobals) = postSolution
		SolutionGuid = {C9A30DC3-F146-38F5-93DB-46E17D780D3E}
	EndGlobalSection
	GlobalSection(ExtensibilityAddIns) = postSolution
	EndGlobalSection
EndGlobal
